
Microsoft Visual Studio Solution File, Format Version 12.00
# Visual Studio Version 16
VisualStudioVersion = 16.0.29613.14
MinimumVisualStudioVersion = 10.0.40219.1
Project("{FAE04EC0-301F-11D3-BF4B-00C04F79EFBC}") = "SmartSelectorsExample", "SmartSelectorsExample\SmartSelectorsExample.csproj", "{B6C3C3EC-5527-4341-80CF-CE605C6E6663}"
EndProject
Global
	GlobalSection(SolutionConfigurationPlatforms) = preSolution
		Debug|Any CPU = Debug|Any CPU
		Release|Any CPU = Release|Any CPU
	EndGlobalSection
	GlobalSection(ProjectConfigurationPlatforms) = postSolution
		{B6C3C3EC-5527-4341-80CF-CE605C6E6663}.Debug|Any CPU.ActiveCfg = Debug|Any CPU
		{B6C3C3EC-5527-4341-80CF-CE605C6E6663}.Debug|Any CPU.Build.0 = Debug|Any CPU
		{B6C3C3EC-5527-4341-80CF-CE605C6E6663}.Release|Any CPU.ActiveCfg = Release|Any CPU
		{B6C3C3EC-5527-4341-80CF-CE605C6E6663}.Release|Any CPU.Build.0 = Release|Any CPU
	EndGlobalSection
	GlobalSection(SolutionProperties) = preSolution
		HideSolutionNode = FALSE
	EndGlobalSection
	GlobalSection(ExtensibilityGlobals) = postSolution
		SolutionGuid = {A6C5EB3E-141A-488F-A2A8-23EFC9177C0A}
	EndGlobalSection
EndGlobal
